// !$*UTF8*$!
{
	archiveVersion = 1;
	classes = {
	};
	objectVersion = 46;
	objects = {

/* Begin PBXBuildFile section */
		CAC87AE41BC1783800B9D270 /* AppDelegate.swift in Sources */ = {isa = PBXBuildFile; fileRef = CAC87AE31BC1783800B9D270 /* AppDelegate.swift */; };
		CAC87AE61BC1783800B9D270 /* ViewController.swift in Sources */ = {isa = PBXBuildFile; fileRef = CAC87AE51BC1783800B9D270 /* ViewController.swift */; };
		CAC87AE91BC1783800B9D270 /* Main.storyboard in Resources */ = {isa = PBXBuildFile; fileRef = CAC87AE71BC1783800B9D270 /* Main.storyboard */; };
		CAC87AEB1BC1783800B9D270 /* Images.xcassets in Resources */ = {isa = PBXBuildFile; fileRef = CAC87AEA1BC1783800B9D270 /* Images.xcassets */; };
		CAC87AEE1BC1783800B9D270 /* LaunchScreen.xib in Resources */ = {isa = PBXBuildFile; fileRef = CAC87AEC1BC1783800B9D270 /* LaunchScreen.xib */; };
		CAC87AFA1BC1783800B9D270 /* ObjectiveCFileUseInSwiftProjectTests.swift in Sources */ = {isa = PBXBuildFile; fileRef = CAC87AF91BC1783800B9D270 /* ObjectiveCFileUseInSwiftProjectTests.swift */; };
		CAC87B061BC1786400B9D270 /* ObjectiveCFile.m in Sources */ = {isa = PBXBuildFile; fileRef = CAC87B051BC1786400B9D270 /* ObjectiveCFile.m */; };
/* End PBXBuildFile section */

/* Begin PBXContainerItemProxy section */
		CAC87AF41BC1783800B9D270 /* PBXContainerItemProxy */ = {
			isa = PBXContainerItemProxy;
			containerPortal = CAC87AD61BC1783700B9D270 /* Project object */;
			proxyType = 1;
			remoteGlobalIDString = CAC87ADD1BC1783800B9D270;
			remoteInfo = ObjectiveCFileUseInSwiftProject;
		};
/* End PBXContainerItemProxy section */

/* Begin PBXFileReference section */
		CAC87ADE1BC1783800B9D270 /* ObjectiveCFileUseInSwiftProject.app */ = {isa = PBXFileReference; explicitFileType = wrapper.application; includeInIndex = 0; path = ObjectiveCFileUseInSwiftProject.app; sourceTree = BUILT_PRODUCTS_DIR; };
		CAC87AE21BC1783800B9D270 /* Info.plist */ = {isa = PBXFileReference; lastKnownFileType = text.plist.xml; path = Info.plist; sourceTree = "<group>"; };
		CAC87AE31BC1783800B9D270 /* AppDelegate.swift */ = {isa = PBXFileReference; lastKnownFileType = sourcecode.swift; path = AppDelegate.swift; sourceTree = "<group>"; };
		CAC87AE51BC1783800B9D270 /* ViewController.swift */ = {isa = PBXFileReference; lastKnownFileType = sourcecode.swift; path = ViewController.swift; sourceTree = "<group>"; };
		CAC87AE81BC1783800B9D270 /* Base */ = {isa = PBXFileReference; lastKnownFileType = file.storyboard; name = Base; path = Base.lproj/Main.storyboard; sourceTree = "<group>"; };
		CAC87AEA1BC1783800B9D270 /* Images.xcassets */ = {isa = PBXFileReference; lastKnownFileType = folder.assetcatalog; path = Images.xcassets; sourceTree = "<group>"; };
		CAC87AED1BC1783800B9D270 /* Base */ = {isa = PBXFileReference; lastKnownFileType = file.xib; name = Base; path = Base.lproj/LaunchScreen.xib; sourceTree = "<group>"; };
		CAC87AF31BC1783800B9D270 /* ObjectiveCFileUseInSwiftProjectTests.xctest */ = {isa = PBXFileReference; explicitFileType = wrapper.cfbundle; includeInIndex = 0; path = ObjectiveCFileUseInSwiftProjectTests.xctest; sourceTree = BUILT_PRODUCTS_DIR; };
		CAC87AF81BC1783800B9D270 /* Info.plist */ = {isa = PBXFileReference; lastKnownFileType = text.plist.xml; path = Info.plist; sourceTree = "<group>"; };
		CAC87AF91BC1783800B9D270 /* ObjectiveCFileUseInSwiftProjectTests.swift */ = {isa = PBXFileReference; lastKnownFileType = sourcecode.swift; path = ObjectiveCFileUseInSwiftProjectTests.swift; sourceTree = "<group>"; };
		CAC87B031BC1786400B9D270 /* ObjectiveCFileUseInSwiftProject-Bridging-Header.h */ = {isa = PBXFileReference; lastKnownFileType = sourcecode.c.h; path = "ObjectiveCFileUseInSwiftProject-Bridging-Header.h"; sourceTree = "<group>"; };
		CAC87B041BC1786400B9D270 /* ObjectiveCFile.h */ = {isa = PBXFileReference; fileEncoding = 4; lastKnownFileType = sourcecode.c.h; path = ObjectiveCFile.h; sourceTree = "<group>"; };
		CAC87B051BC1786400B9D270 /* ObjectiveCFile.m */ = {isa = PBXFileReference; fileEncoding = 4; lastKnownFileType = sourcecode.c.objc; path = ObjectiveCFile.m; sourceTree = "<group>"; };
/* End PBXFileReference section */

/* Begin PBXFrameworksBuildPhase section */
		CAC87ADB1BC1783800B9D270 /* Frameworks */ = {
			isa = PBXFrameworksBuildPhase;
			buildActionMask = 2147483647;
			files = (
			);
			runOnlyForDeploymentPostprocessing = 0;
		};
		CAC87AF01BC1783800B9D270 /* Frameworks */ = {
			isa = PBXFrameworksBuildPhase;
			buildActionMask = 2147483647;
			files = (
			);
			runOnlyForDeploymentPostprocessing = 0;
		};
/* End PBXFrameworksBuildPhase section */

/* Begin PBXGroup section */
		CAC87AD51BC1783700B9D270 = {
			isa = PBXGroup;
			children = (
				CAC87AE01BC1783800B9D270 /* ObjectiveCFileUseInSwiftProject */,
				CAC87AF61BC1783800B9D270 /* ObjectiveCFileUseInSwiftProjectTests */,
				CAC87ADF1BC1783800B9D270 /* Products */,
			);
			sourceTree = "<group>";
		};
		CAC87ADF1BC1783800B9D270 /* Products */ = {
			isa = PBXGroup;
			children = (
				CAC87ADE1BC1783800B9D270 /* ObjectiveCFileUseInSwiftProject.app */,
				CAC87AF31BC1783800B9D270 /* ObjectiveCFileUseInSwiftProjectTests.xctest */,
			);
			name = Products;
			sourceTree = "<group>";
		};
		CAC87AE01BC1783800B9D270 /* ObjectiveCFileUseInSwiftProject */ = {
			isa = PBXGroup;
			children = (
				CAC87AE31BC1783800B9D270 /* AppDelegate.swift */,
				CAC87AE51BC1783800B9D270 /* ViewController.swift */,
				CAC87AE71BC1783800B9D270 /* Main.storyboard */,
				CAC87AEA1BC1783800B9D270 /* Images.xcassets */,
				CAC87AEC1BC1783800B9D270 /* LaunchScreen.xib */,
				CAC87AE11BC1783800B9D270 /* Supporting Files */,
				CAC87B041BC1786400B9D270 /* ObjectiveCFile.h */,
				CAC87B051BC1786400B9D270 /* ObjectiveCFile.m */,
				CAC87B031BC1786400B9D270 /* ObjectiveCFileUseInSwiftProject-Bridging-Header.h */,
			);
			path = ObjectiveCFileUseInSwiftProject;
			sourceTree = "<group>";
		};
		CAC87AE11BC1783800B9D270 /* Supporting Files */ = {
			isa = PBXGroup;
			children = (
				CAC87AE21BC1783800B9D270 /* Info.plist */,
			);
			name = "Supporting Files";
			sourceTree = "<group>";
		};
		CAC87AF61BC1783800B9D270 /* ObjectiveCFileUseInSwiftProjectTests */ = {
			isa = PBXGroup;
			children = (
				CAC87AF91BC1783800B9D270 /* ObjectiveCFileUseInSwiftProjectTests.swift */,
				CAC87AF71BC1783800B9D270 /* Supporting Files */,
			);
			path = ObjectiveCFileUseInSwiftProjectTests;
			sourceTree = "<group>";
		};
		CAC87AF71BC1783800B9D270 /* Supporting Files */ = {
			isa = PBXGroup;
			children = (
				CAC87AF81BC1783800B9D270 /* Info.plist */,
			);
			name = "Supporting Files";
			sourceTree = "<group>";
		};
/* End PBXGroup section */

/* Begin PBXNativeTarget section */
		CAC87ADD1BC1783800B9D270 /* ObjectiveCFileUseInSwiftProject */ = {
			isa = PBXNativeTarget;
			buildConfigurationList = CAC87AFD1BC1783800B9D270 /* Build configuration list for PBXNativeTarget "ObjectiveCFileUseInSwiftProject" */;
			buildPhases = (
				CAC87ADA1BC1783800B9D270 /* Sources */,
				CAC87ADB1BC1783800B9D270 /* Frameworks */,
				CAC87ADC1BC1783800B9D270 /* Resources */,
			);
			buildRules = (
			);
			dependencies = (
			);
			name = ObjectiveCFileUseInSwiftProject;
			productName = ObjectiveCFileUseInSwiftProject;
			productReference = CAC87ADE1BC1783800B9D270 /* ObjectiveCFileUseInSwiftProject.app */;
			productType = "com.apple.product-type.application";
		};
		CAC87AF21BC1783800B9D270 /* ObjectiveCFileUseInSwiftProjectTests */ = {
			isa = PBXNativeTarget;
			buildConfigurationList = CAC87B001BC1783800B9D270 /* Build configuration list for PBXNativeTarget "ObjectiveCFileUseInSwiftProjectTests" */;
			buildPhases = (
				CAC87AEF1BC1783800B9D270 /* Sources */,
				CAC87AF01BC1783800B9D270 /* Frameworks */,
				CAC87AF11BC1783800B9D270 /* Resources */,
			);
			buildRules = (
			);
			dependencies = (
				CAC87AF51BC1783800B9D270 /* PBXTargetDependency */,
			);
			name = ObjectiveCFileUseInSwiftProjectTests;
			productName = ObjectiveCFileUseInSwiftProjectTests;
			productReference = CAC87AF31BC1783800B9D270 /* ObjectiveCFileUseInSwiftProjectTests.xctest */;
			productType = "com.apple.product-type.bundle.unit-test";
		};
/* End PBXNativeTarget section */

/* Begin PBXProject section */
		CAC87AD61BC1783700B9D270 /* Project object */ = {
			isa = PBXProject;
			attributes = {
				LastUpgradeCheck = 0630;
				ORGANIZATIONNAME = iHartDevelopers;
				TargetAttributes = {
					CAC87ADD1BC1783800B9D270 = {
						CreatedOnToolsVersion = 6.3.2;
					};
					CAC87AF21BC1783800B9D270 = {
						CreatedOnToolsVersion = 6.3.2;
						TestTargetID = CAC87ADD1BC1783800B9D270;
					};
				};
			};
			buildConfigurationList = CAC87AD91BC1783700B9D270 /* Build configuration list for PBXProject "ObjectiveCFileUseInSwiftProject" */;
			compatibilityVersion = "Xcode 3.2";
			developmentRegion = English;
			hasScannedForEncodings = 0;
			knownRegions = (
				en,
				Base,
			);
			mainGroup = CAC87AD51BC1783700B9D270;
			productRefGroup = CAC87ADF1BC1783800B9D270 /* Products */;
			projectDirPath = "";
			projectRoot = "";
			targets = (
				CAC87ADD1BC1783800B9D270 /* ObjectiveCFileUseInSwiftProject */,
				CAC87AF21BC1783800B9D270 /* ObjectiveCFileUseInSwiftProjectTests */,
			);
		};
/* End PBXProject section */

/* Begin PBXResourcesBuildPhase section */
		CAC87ADC1BC1783800B9D270 /* Resources */ = {
			isa = PBXResourcesBuildPhase;
			buildActionMask = 2147483647;
			files = (
				CAC87AE91BC1783800B9D270 /* Main.storyboard in Resources */,
				CAC87AEE1BC1783800B9D270 /* LaunchScreen.xib in Resources */,
				CAC87AEB1BC1783800B9D270 /* Images.xcassets in Resources */,
			);
			runOnlyForDeploymentPostprocessing = 0;
		};
		CAC87AF11BC1783800B9D270 /* Resources */ = {
			isa = PBXResourcesBuildPhase;
			buildActionMask = 2147483647;
			files = (
			);
			runOnlyForDeploymentPostprocessing = 0;
		};
/* End PBXResourcesBuildPhase section */

/* Begin PBXSourcesBuildPhase section */
		CAC87ADA1BC1783800B9D270 /* Sources */ = {
			isa = PBXSourcesBuildPhase;
			buildActionMask = 2147483647;
			files = (
				CAC87B061BC1786400B9D270 /* ObjectiveCFile.m in Sources */,
				CAC87AE61BC1783800B9D270 /* ViewController.swift in Sources */,
				CAC87AE41BC1783800B9D270 /* AppDelegate.swift in Sources */,
			);
			runOnlyForDeploymentPostprocessing = 0;
		};
		CAC87AEF1BC1783800B9D270 /* Sources */ = {
			isa = PBXSourcesBuildPhase;
			buildActionMask = 2147483647;
			files = (
				CAC87AFA1BC1783800B9D270 /* ObjectiveCFileUseInSwiftProjectTests.swift in Sources */,
			);
			runOnlyForDeploymentPostprocessing = 0;
		};
/* End PBXSourcesBuildPhase section */

/* Begin PBXTargetDependency section */
		CAC87AF51BC1783800B9D270 /* PBXTargetDependency */ = {
			isa = PBXTargetDependency;
			target = CAC87ADD1BC1783800B9D270 /* ObjectiveCFileUseInSwiftProject */;
			targetProxy = CAC87AF41BC1783800B9D270 /* PBXContainerItemProxy */;
		};
/* End PBXTargetDependency section */

/* Begin PBXVariantGroup section */
		CAC87AE71BC1783800B9D270 /* Main.storyboard */ = {
			isa = PBXVariantGroup;
			children = (
				CAC87AE81BC1783800B9D270 /* Base */,
			);
			name = Main.storyboard;
			sourceTree = "<group>";
		};
		CAC87AEC1BC1783800B9D270 /* LaunchScreen.xib */ = {
			isa = PBXVariantGroup;
			children = (
				CAC87AED1BC1783800B9D270 /* Base */,
			);
			name = LaunchScreen.xib;
			sourceTree = "<group>";
		};
/* End PBXVariantGroup section */

/* Begin XCBuildConfiguration section */
		CAC87AFB1BC1783800B9D270 /* Debug */ = {
			isa = XCBuildConfiguration;
			buildSettings = {
				ALWAYS_SEARCH_USER_PATHS = NO;
				CLANG_CXX_LANGUAGE_STANDARD = "gnu++0x";
				CLANG_CXX_LIBRARY = "libc++";
				CLANG_ENABLE_MODULES = YES;
				CLANG_ENABLE_OBJC_ARC = YES;
				CLANG_WARN_BOOL_CONVERSION = YES;
				CLANG_WARN_CONSTANT_CONVERSION = YES;
				CLANG_WARN_DIRECT_OBJC_ISA_USAGE = YES_ERROR;
				CLANG_WARN_EMPTY_BODY = YES;
				CLANG_WARN_ENUM_CONVERSION = YES;
				CLANG_WARN_INT_CONVERSION = YES;
				CLANG_WARN_OBJC_ROOT_CLASS = YES_ERROR;
				CLANG_WARN_UNREACHABLE_CODE = YES;
				CLANG_WARN__DUPLICATE_METHOD_MATCH = YES;
				"CODE_SIGN_IDENTITY[sdk=iphoneos*]" = "iPhone Developer";
				COPY_PHASE_STRIP = NO;
				DEBUG_INFORMATION_FORMAT = "dwarf-with-dsym";
				ENABLE_STRICT_OBJC_MSGSEND = YES;
				GCC_C_LANGUAGE_STANDARD = gnu99;
				GCC_DYNAMIC_NO_PIC = NO;
				GCC_NO_COMMON_BLOCKS = YES;
				GCC_OPTIMIZATION_LEVEL = 0;
				GCC_PREPROCESSOR_DEFINITIONS = (
					"DEBUG=1",
					"$(inherited)",
				);
				GCC_SYMBOLS_PRIVATE_EXTERN = NO;
				GCC_WARN_64_TO_32_BIT_CONVERSION = YES;
				GCC_WARN_ABOUT_RETURN_TYPE = YES_ERROR;
				GCC_WARN_UNDECLARED_SELECTOR = YES;
				GCC_WARN_UNINITIALIZED_AUTOS = YES_AGGRESSIVE;
				GCC_WARN_UNUSED_FUNCTION = YES;
				GCC_WARN_UNUSED_VARIABLE = YES;
				IPHONEOS_DEPLOYMENT_TARGET = 8.3;
				MTL_ENABLE_DEBUG_INFO = YES;
				ONLY_ACTIVE_ARCH = YES;
				SDKROOT = iphoneos;
				SWIFT_OPTIMIZATION_LEVEL = "-Onone";
			};
			name = Debug;
		};
		CAC87AFC1BC1783800B9D270 /* Release */ = {
			isa = XCBuildConfiguration;
			buildSettings = {
				ALWAYS_SEARCH_USER_PATHS = NO;
				CLANG_CXX_LANGUAGE_STANDARD = "gnu++0x";
				CLANG_CXX_LIBRARY = "libc++";
				CLANG_ENABLE_MODULES = YES;
				CLANG_ENABLE_OBJC_ARC = YES;
				CLANG_WARN_BOOL_CONVERSION = YES;
				CLANG_WARN_CONSTANT_CONVERSION = YES;
				CLANG_WARN_DIRECT_OBJC_ISA_USAGE = YES_ERROR;
				CLANG_WARN_EMPTY_BODY = YES;
				CLANG_WARN_ENUM_CONVERSION = YES;
				CLANG_WARN_INT_CONVERSION = YES;
				CLANG_WARN_OBJC_ROOT_CLASS = YES_ERROR;
				CLANG_WARN_UNREACHABLE_CODE = YES;
				CLANG_WARN__DUPLICATE_METHOD_MATCH = YES;
				"CODE_SIGN_IDENTITY[sdk=iphoneos*]" = "iPhone Developer";
				COPY_PHASE_STRIP = NO;
				DEBUG_INFORMATION_FORMAT = "dwarf-with-dsym";
				ENABLE_NS_ASSERTIONS = NO;
				ENABLE_STRICT_OBJC_MSGSEND = YES;
				GCC_C_LANGUAGE_STANDARD = gnu99;
				GCC_NO_COMMON_BLOCKS = YES;
				GCC_WARN_64_TO_32_BIT_CONVERSION = YES;
				GCC_WARN_ABOUT_RETURN_TYPE = YES_ERROR;
				GCC_WARN_UNDECLARED_SELECTOR = YES;
				GCC_WARN_UNINITIALIZED_AUTOS = YES_AGGRESSIVE;
				GCC_WARN_UNUSED_FUNCTION = YES;
				GCC_WARN_UNUSED_VARIABLE = YES;
				IPHONEOS_DEPLOYMENT_TARGET = 8.3;
				MTL_ENABLE_DEBUG_INFO = NO;
				SDKROOT = iphoneos;
				VALIDATE_PRODUCT = YES;
			};
			name = Release;
		};
		CAC87AFE1BC1783800B9D270 /* Debug */ = {
			isa = XCBuildConfiguration;
			buildSettings = {
				ASSETCATALOG_COMPILER_APPICON_NAME = AppIcon;
				CLANG_ENABLE_MODULES = YES;
				INFOPLIST_FILE = ObjectiveCFileUseInSwiftProject/Info.plist;
				LD_RUNPATH_SEARCH_PATHS = "$(inherited) @executable_path/Frameworks";
				PRODUCT_NAME = "$(TARGET_NAME)";
				SWIFT_OBJC_BRIDGING_HEADER = "ObjectiveCFileUseInSwiftProject/ObjectiveCFileUseInSwiftProject-Bridging-Header.h";
				SWIFT_OPTIMIZATION_LEVEL = "-Onone";
			};
			name = Debug;
		};
		CAC87AFF1BC1783800B9D270 /* Release */ = {
			isa = XCBuildConfiguration;
			buildSettings = {
				ASSETCATALOG_COMPILER_APPICON_NAME = AppIcon;
				CLANG_ENABLE_MODULES = YES;
				INFOPLIST_FILE = ObjectiveCFileUseInSwiftProject/Info.plist;
				LD_RUNPATH_SEARCH_PATHS = "$(inherited) @executable_path/Frameworks";
				PRODUCT_NAME = "$(TARGET_NAME)";
				SWIFT_OBJC_BRIDGING_HEADER = "ObjectiveCFileUseInSwiftProject/ObjectiveCFileUseInSwiftProject-Bridging-Header.h";
			};
			name = Release;
		};
		CAC87B011BC1783800B9D270 /* Debug */ = {
			isa = XCBuildConfiguration;
			buildSettings = {
				BUNDLE_LOADER = "$(TEST_HOST)";
				FRAMEWORK_SEARCH_PATHS = (
					"$(SDKROOT)/Developer/Library/Frameworks",
					"$(inherited)",
				);
				GCC_PREPROCESSOR_DEFINITIONS = (
					"DEBUG=1",
					"$(inherited)",
				);
				INFOPLIST_FILE = ObjectiveCFileUseInSwiftProjectTests/Info.plist;
				LD_RUNPATH_SEARCH_PATHS = "$(inherited) @executable_path/Frameworks @loader_path/Frameworks";
				PRODUCT_NAME = "$(TARGET_NAME)";
				TEST_HOST = "$(BUILT_PRODUCTS_DIR)/ObjectiveCFileUseInSwiftProject.app/ObjectiveCFileUseInSwiftProject";
			};
			name = Debug;
		};
		CAC87B021BC1783800B9D270 /* Release */ = {
			isa = XCBuildConfiguration;
			buildSettings = {
				BUNDLE_LOADER = "$(TEST_HOST)";
				FRAMEWORK_SEARCH_PATHS = (
					"$(SDKROOT)/Developer/Library/Frameworks",
					"$(inherited)",
				);
				INFOPLIST_FILE = ObjectiveCFileUseInSwiftProjectTests/Info.plist;
				LD_RUNPATH_SEARCH_PATHS = "$(inherited) @executable_path/Frameworks @loader_path/Frameworks";
				PRODUCT_NAME = "$(TARGET_NAME)";
				TEST_HOST = "$(BUILT_PRODUCTS_DIR)/ObjectiveCFileUseInSwiftProject.app/ObjectiveCFileUseInSwiftProject";
			};
			name = Release;
		};
/* End XCBuildConfiguration section */

/* Begin XCConfigurationList section */
		CAC87AD91BC1783700B9D270 /* Build configuration list for PBXProject "ObjectiveCFileUseInSwiftProject" */ = {
			isa = XCConfigurationList;
			buildConfigurations = (
				CAC87AFB1BC1783800B9D270 /* Debug */,
				CAC87AFC1BC1783800B9D270 /* Release */,
			);
			defaultConfigurationIsVisible = 0;
			defaultConfigurationName = Release;
		};
		CAC87AFD1BC1783800B9D270 /* Build configuration list for PBXNativeTarget "ObjectiveCFileUseInSwiftProject" */ = {
			isa = XCConfigurationList;
			buildConfigurations = (
				CAC87AFE1BC1783800B9D270 /* Debug */,
				CAC87AFF1BC1783800B9D270 /* Release */,
			);
			defaultConfigurationIsVisible = 0;
		};
		CAC87B001BC1783800B9D270 /* Build configuration list for PBXNativeTarget "ObjectiveCFileUseInSwiftProjectTests" */ = {
			isa = XCConfigurationList;
			buildConfigurations = (
				CAC87B011BC1783800B9D270 /* Debug */,
				CAC87B021BC1783800B9D270 /* Release */,
			);
			defaultConfigurationIsVisible = 0;
		};
/* End XCConfigurationList section */
	};
	rootObject = CAC87AD61BC1783700B9D270 /* Project object */;
}
